
Microsoft Visual Studio Solution File, Format Version 12.00
# Visual Studio 14
VisualStudioVersion = 14.0.23107.0
MinimumVisualStudioVersion = 10.0.40219.1
Project("{FAE04EC0-301F-11D3-BF4B-00C04F79EFBC}") = "Extractor", "Extractor\Extractor.csproj", "{76F75220-E264-42D1-A15D-0AD510749EBD}"
EndProject
Project("{FAE04EC0-301F-11D3-BF4B-00C04F79EFBC}") = "ExtractApp", "ExtractApp\ExtractApp.csproj", "{4CDBD3E1-4ED8-41C3-8EA1-87EFDD21AFE4}"
EndProject
Global
	GlobalSection(SolutionConfigurationPlatforms) = preSolution
		Debug|Any CPU = Debug|Any CPU
		Release|Any CPU = Release|Any CPU
	EndGlobalSection
	GlobalSection(ProjectConfigurationPlatforms) = postSolution
		{76F75220-E264-42D1-A15D-0AD510749EBD}.Debug|Any CPU.ActiveCfg = Debug|Any CPU
		{76F75220-E264-42D1-A15D-0AD510749EBD}.Debug|Any CPU.Build.0 = Debug|Any CPU
		{76F75220-E264-42D1-A15D-0AD510749EBD}.Release|Any CPU.ActiveCfg = Release|Any CPU
		{76F75220-E264-42D1-A15D-0AD510749EBD}.Release|Any CPU.Build.0 = Release|Any CPU
		{4CDBD3E1-4ED8-41C3-8EA1-87EFDD21AFE4}.Debug|Any CPU.ActiveCfg = Debug|Any CPU
		{4CDBD3E1-4ED8-41C3-8EA1-87EFDD21AFE4}.Debug|Any CPU.Build.0 = Debug|Any CPU
		{4CDBD3E1-4ED8-41C3-8EA1-87EFDD21AFE4}.Release|Any CPU.ActiveCfg = Release|Any CPU
		{4CDBD3E1-4ED8-41C3-8EA1-87EFDD21AFE4}.Release|Any CPU.Build.0 = Release|Any CPU
	EndGlobalSection
	GlobalSection(SolutionProperties) = preSolution
		HideSolutionNode = FALSE
	EndGlobalSection
EndGlobal
